
Microsoft Visual Studio Solution File, Format Version 12.00
# Visual Studio 15
VisualStudioVersion = 15.0.27703.2035
MinimumVisualStudioVersion = 10.0.40219.1
Project("{FAE04EC0-301F-11D3-BF4B-00C04F79EFBC}") = "ViewTemplateUtils", "ViewTemplateUtils\ViewTemplateUtils.csproj", "{1D3CC296-6598-4743-9723-2CC998FD281A}"
EndProject
Global
	GlobalSection(SolutionConfigurationPlatforms) = preSolution
		Debug|Any CPU = Debug|Any CPU
		Release|Any CPU = Release|Any CPU
	EndGlobalSection
	GlobalSection(ProjectConfigurationPlatforms) = postSolution
		{1D3CC296-6598-4743-9723-2CC998FD281A}.Debug|Any CPU.ActiveCfg = Debug|Any CPU
		{1D3CC296-6598-4743-9723-2CC998FD281A}.Debug|Any CPU.Build.0 = Debug|Any CPU
		{1D3CC296-6598-4743-9723-2CC998FD281A}.Release|Any CPU.ActiveCfg = Release|Any CPU
		{1D3CC296-6598-4743-9723-2CC998FD281A}.Release|Any CPU.Build.0 = Release|Any CPU
	EndGlobalSection
	GlobalSection(SolutionProperties) = preSolution
		HideSolutionNode = FALSE
	EndGlobalSection
	GlobalSection(ExtensibilityGlobals) = postSolution
		SolutionGuid = {6EB69B43-1F0E-42F7-873C-0229F7484B36}
	EndGlobalSection
EndGlobal
